
Microsoft Visual Studio Solution File, Format Version 12.00
# Visual Studio Version 17
VisualStudioVersion = 17.4.33213.308
MinimumVisualStudioVersion = 10.0.40219.1
Project("{FAE04EC0-301F-11D3-BF4B-00C04F79EFBC}") = "vizsga-alap-backend", "vizsga-alap-backend\vizsga-alap-backend.csproj", "{43984D0D-93AF-4E9C-9BDA-5ED1CF485E18}"
EndProject
Global
	GlobalSection(SolutionConfigurationPlatforms) = preSolution
		Debug|Any CPU = Debug|Any CPU
		Release|Any CPU = Release|Any CPU
	EndGlobalSection
	GlobalSection(ProjectConfigurationPlatforms) = postSolution
		{43984D0D-93AF-4E9C-9BDA-5ED1CF485E18}.Debug|Any CPU.ActiveCfg = Debug|Any CPU
		{43984D0D-93AF-4E9C-9BDA-5ED1CF485E18}.Debug|Any CPU.Build.0 = Debug|Any CPU
		{43984D0D-93AF-4E9C-9BDA-5ED1CF485E18}.Release|Any CPU.ActiveCfg = Release|Any CPU
		{43984D0D-93AF-4E9C-9BDA-5ED1CF485E18}.Release|Any CPU.Build.0 = Release|Any CPU
	EndGlobalSection
	GlobalSection(SolutionProperties) = preSolution
		HideSolutionNode = FALSE
	EndGlobalSection
	GlobalSection(ExtensibilityGlobals) = postSolution
		SolutionGuid = {0D29B6AC-0663-45C0-9D9B-60666CBA68F1}
	EndGlobalSection
EndGlobal
